<?xml version="1.0" encoding="utf-8"?>
<Project ToolsVersion="4.0" xmlns="http://schemas.microsoft.com/developer/msbuild/2003">
  <ItemGroup>
    <Filter Include="Source Files">
      <UniqueIdentifier>{4FC737F1-C7A5-4376-A066-2A32D752A2FF}</UniqueIdentifier>
      <Extensions>cpp;c;cc;cxx;c++;cppm;ixx;def;odl;idl;hpj;bat;asm;asmx</Extensions>
    </Filter>
    <Filter Include="Header Files">
      <UniqueIdentifier>{93995380-89BD-4b04-88EB-625FBE52EBFB}</UniqueIdentifier>
      <Extensions>h;hh;hpp;hxx;h++;hm;inl;inc;ipp;xsd</Extensions>
    </Filter>
    <Filter Include="Resource Files">
      <UniqueIdentifier>{67DA6AB6-F800-4c08-8B7A-83BB121AAD01}</UniqueIdentifier>
      <Extensions>rc;ico;cur;bmp;dlg;rc2;rct;bin;rgs;gif;jpg;jpeg;jpe;resx;tiff;tif;png;wav;mfcribbon-ms</Extensions>
    </Filter>
    <Filter Include="Exports">
      <UniqueIdentifier>{b63f266a-5ba3-426e-adfc-b6031fcf27df}</UniqueIdentifier>
    </Filter>
    <Filter Include="Modules">
      <UniqueIdentifier>{387533aa-37ab-4a65-b5ef-52ce5337cfa2}</UniqueIdentifier>
    </Filter>
    <Filter Include="Modules\HardwareID">
      <UniqueIdentifier>{8ce5632e-5dbe-4dbf-acb7-fe4e1f4544d2}</UniqueIdentifier>
    </Filter>
    <Filter Include="Modules\Crypto">
      <UniqueIdentifier>{03833268-44e6-4a7f-b0dd-005a9c176611}</UniqueIdentifier>
    </Filter>
    <Filter Include="Unit">
      <UniqueIdentifier>{d2445b87-9382-4c08-b786-8f670f1edbbb}</UniqueIdentifier>
    </Filter>
    <Filter Include="Unit\NewFilter1">
      <UniqueIdentifier>{7fc79a5d-e2d6-4d79-a4fd-fa0dabe9fe2b}</UniqueIdentifier>
    </Filter>
  </ItemGroup>
  <ItemGroup>
    <ClInclude Include="framework.h">
      <Filter>Header Files</Filter>
    </ClInclude>
    <ClInclude Include="pch.h">
      <Filter>Header Files</Filter>
    </ClInclude>
    <ClInclude Include="HardwareID_Exports.h">
      <Filter>Exports</Filter>
    </ClInclude>
    <ClInclude Include="HardwareInfo.h">
      <Filter>Modules\HardwareID</Filter>
    </ClInclude>
    <ClInclude Include="CoreResponse.h">
      <Filter>Unit</Filter>
    </ClInclude>
    <ClInclude Include="NativeLogger.h">
      <Filter>Unit</Filter>
    </ClInclude>
    <ClInclude Include="AES_Core.h">
      <Filter>Modules\Crypto</Filter>
    </ClInclude>
  </ItemGroup>
  <ItemGroup>
    <ClCompile Include="dllmain.cpp">
      <Filter>Source Files</Filter>
    </ClCompile>
    <ClCompile Include="pch.cpp">
      <Filter>Source Files</Filter>
    </ClCompile>
    <ClCompile Include="FingerprintGen.cpp">
      <Filter>Modules\HardwareID</Filter>
    </ClCompile>
    <ClCompile Include="HardwareInfo.cpp">
      <Filter>Modules\HardwareID</Filter>
    </ClCompile>
    <ClCompile Include="Utils_Exports.cpp">
      <Filter>Exports</Filter>
    </ClCompile>
    <ClCompile Include="NativeLogger.cpp">
      <Filter>Unit</Filter>
    </ClCompile>
    <ClCompile Include="AES_Core.cpp">
      <Filter>Modules\Crypto</Filter>
    </ClCompile>
    <ClCompile Include="Exports.cpp">
      <Filter>Modules\Crypto</Filter>
    </ClCompile>
  </ItemGroup>
  <ItemGroup>
    <None Include="packages.config" />
  </ItemGroup>
</Project>