
Microsoft Visual Studio Solution File, Format Version 12.00
# Visual Studio Version 17
VisualStudioVersion = 17.14.36717.8 d17.14
MinimumVisualStudioVersion = 10.0.40219.1
Project("{8BC9CEB8-8B4A-11D0-8D11-00A0C91BC942}") = "WB_Generator", "WB_Generator\WB_Generator.vcxproj", "{5DBBBFFC-628B-4C4E-970D-DA60D5E53308}"
EndProject
Global
	GlobalSection(SolutionConfigurationPlatforms) = preSolution
		Debug|x64 = Debug|x64
		Debug|x86 = Debug|x86
		Release|x64 = Release|x64
		Release|x86 = Release|x86
	EndGlobalSection
	GlobalSection(ProjectConfigurationPlatforms) = postSolution
		{5DBBBFFC-628B-4C4E-970D-DA60D5E53308}.Debug|x64.ActiveCfg = Debug|x64
		{5DBBBFFC-628B-4C4E-970D-DA60D5E53308}.Debug|x64.Build.0 = Debug|x64
		{5DBBBFFC-628B-4C4E-970D-DA60D5E53308}.Debug|x86.ActiveCfg = Debug|Win32
		{5DBBBFFC-628B-4C4E-970D-DA60D5E53308}.Debug|x86.Build.0 = Debug|Win32
		{5DBBBFFC-628B-4C4E-970D-DA60D5E53308}.Release|x64.ActiveCfg = Release|x64
		{5DBBBFFC-628B-4C4E-970D-DA60D5E53308}.Release|x64.Build.0 = Release|x64
		{5DBBBFFC-628B-4C4E-970D-DA60D5E53308}.Release|x86.ActiveCfg = Release|Win32
		{5DBBBFFC-628B-4C4E-970D-DA60D5E53308}.Release|x86.Build.0 = Release|Win32
	EndGlobalSection
	GlobalSection(SolutionProperties) = preSolution
		HideSolutionNode = FALSE
	EndGlobalSection
	GlobalSection(ExtensibilityGlobals) = postSolution
		SolutionGuid = {2B0E6FCF-D218-479A-AA0B-52FA7E6A51B1}
	EndGlobalSection
EndGlobal
